
Microsoft Visual Studio Solution File, Format Version 10.00
# Visual Studio 2008
Project("{FAE04EC0-301F-11D3-BF4B-00C04F79EFBC}") = "Orc.SmartImage.UI", "src\Orc.SmartImage.UI\Orc.SmartImage.UI.csproj", "{4791AB26-5A35-435B-A015-1B223D425F83}"
EndProject
Project("{FAE04EC0-301F-11D3-BF4B-00C04F79EFBC}") = "Orc.SmartImage.Lab", "src\Orc.SmartImage.Lab\Orc.SmartImage.Lab.csproj", "{69F9B333-16A8-4944-825E-1CC9DE43BF68}"
EndProject
Project("{FAE04EC0-301F-11D3-BF4B-00C04F79EFBC}") = "Orc.SmartImage.Common", "src\Orc.SmartImage.Common\Orc.SmartImage.Common.csproj", "{F86CF18F-70F4-4491-9C1C-9F390A09E978}"
EndProject
Project("{FAE04EC0-301F-11D3-BF4B-00C04F79EFBC}") = "Orc.SmartImage.Processor", "src\Orc.SmartImage.Processor\Orc.SmartImage.Processor.csproj", "{5DE1F324-1B8D-43C7-8876-1AEC4CBDD3EE}"
EndProject
Project("{2150E333-8FDC-42A3-9474-1A3956D46DE8}") = "Solution Items", "Solution Items", "{FFB9DC51-7411-45F3-92DB-FC3CABB07D4F}"
	ProjectSection(SolutionItems) = preProject
		license.txt = license.txt
		ref-license.txt = ref-license.txt
	EndProjectSection
EndProject
Project("{FAE04EC0-301F-11D3-BF4B-00C04F79EFBC}") = "Orc.SmartImage.CommonTest", "src\Orc.SmartImage.CommonTest\Orc.SmartImage.CommonTest.csproj", "{6EFB11E7-28AD-4D19-8315-7D39D302C6AD}"
EndProject
Project("{FAE04EC0-301F-11D3-BF4B-00C04F79EFBC}") = "Orc.SmartImageLab.PerformanceTest", "src\Orc.SmartImageLab.PerformanceTest\Orc.SmartImageLab.PerformanceTest.csproj", "{4ACBC4C7-CE49-4EB5-BFF3-801F524DC358}"
EndProject
Global
	GlobalSection(SolutionConfigurationPlatforms) = preSolution
		Debug|Any CPU = Debug|Any CPU
		Release|Any CPU = Release|Any CPU
	EndGlobalSection
	GlobalSection(ProjectConfigurationPlatforms) = postSolution
		{4791AB26-5A35-435B-A015-1B223D425F83}.Debug|Any CPU.ActiveCfg = Debug|Any CPU
		{4791AB26-5A35-435B-A015-1B223D425F83}.Debug|Any CPU.Build.0 = Debug|Any CPU
		{4791AB26-5A35-435B-A015-1B223D425F83}.Release|Any CPU.ActiveCfg = Release|Any CPU
		{4791AB26-5A35-435B-A015-1B223D425F83}.Release|Any CPU.Build.0 = Release|Any CPU
		{69F9B333-16A8-4944-825E-1CC9DE43BF68}.Debug|Any CPU.ActiveCfg = Debug|Any CPU
		{69F9B333-16A8-4944-825E-1CC9DE43BF68}.Debug|Any CPU.Build.0 = Debug|Any CPU
		{69F9B333-16A8-4944-825E-1CC9DE43BF68}.Release|Any CPU.ActiveCfg = Release|Any CPU
		{69F9B333-16A8-4944-825E-1CC9DE43BF68}.Release|Any CPU.Build.0 = Release|Any CPU
		{F86CF18F-70F4-4491-9C1C-9F390A09E978}.Debug|Any CPU.ActiveCfg = Debug|Any CPU
		{F86CF18F-70F4-4491-9C1C-9F390A09E978}.Debug|Any CPU.Build.0 = Debug|Any CPU
		{F86CF18F-70F4-4491-9C1C-9F390A09E978}.Release|Any CPU.ActiveCfg = Release|Any CPU
		{F86CF18F-70F4-4491-9C1C-9F390A09E978}.Release|Any CPU.Build.0 = Release|Any CPU
		{5DE1F324-1B8D-43C7-8876-1AEC4CBDD3EE}.Debug|Any CPU.ActiveCfg = Debug|Any CPU
		{5DE1F324-1B8D-43C7-8876-1AEC4CBDD3EE}.Debug|Any CPU.Build.0 = Debug|Any CPU
		{5DE1F324-1B8D-43C7-8876-1AEC4CBDD3EE}.Release|Any CPU.ActiveCfg = Release|Any CPU
		{5DE1F324-1B8D-43C7-8876-1AEC4CBDD3EE}.Release|Any CPU.Build.0 = Release|Any CPU
		{6EFB11E7-28AD-4D19-8315-7D39D302C6AD}.Debug|Any CPU.ActiveCfg = Debug|Any CPU
		{6EFB11E7-28AD-4D19-8315-7D39D302C6AD}.Debug|Any CPU.Build.0 = Debug|Any CPU
		{6EFB11E7-28AD-4D19-8315-7D39D302C6AD}.Release|Any CPU.ActiveCfg = Release|Any CPU
		{6EFB11E7-28AD-4D19-8315-7D39D302C6AD}.Release|Any CPU.Build.0 = Release|Any CPU
		{4ACBC4C7-CE49-4EB5-BFF3-801F524DC358}.Debug|Any CPU.ActiveCfg = Debug|Any CPU
		{4ACBC4C7-CE49-4EB5-BFF3-801F524DC358}.Debug|Any CPU.Build.0 = Debug|Any CPU
		{4ACBC4C7-CE49-4EB5-BFF3-801F524DC358}.Release|Any CPU.ActiveCfg = Release|Any CPU
		{4ACBC4C7-CE49-4EB5-BFF3-801F524DC358}.Release|Any CPU.Build.0 = Release|Any CPU
	EndGlobalSection
	GlobalSection(SolutionProperties) = preSolution
		HideSolutionNode = FALSE
	EndGlobalSection
EndGlobal
